
Microsoft Visual Studio Solution File, Format Version 12.00
# Visual Studio Version 16
VisualStudioVersion = 16.0.29926.136
MinimumVisualStudioVersion = 10.0.40219.1
Project("{9A19103F-16F7-4668-BE54-9A1E7A4F7556}") = "ExtractReport.App", "ExtractReport.App\ExtractReport.App.csproj", "{DC59AC68-D526-4076-A0E7-33F8E2B25427}"
EndProject
Project("{9A19103F-16F7-4668-BE54-9A1E7A4F7556}") = "Core", "Core\Core.csproj", "{6068D917-8319-4A11-9A48-CE7E3D499DA7}"
EndProject
Global
	GlobalSection(SolutionConfigurationPlatforms) = preSolution
		Debug|Any CPU = Debug|Any CPU
		Release|Any CPU = Release|Any CPU
	EndGlobalSection
	GlobalSection(ProjectConfigurationPlatforms) = postSolution
		{DC59AC68-D526-4076-A0E7-33F8E2B25427}.Debug|Any CPU.ActiveCfg = Debug|Any CPU
		{DC59AC68-D526-4076-A0E7-33F8E2B25427}.Debug|Any CPU.Build.0 = Debug|Any CPU
		{DC59AC68-D526-4076-A0E7-33F8E2B25427}.Release|Any CPU.ActiveCfg = Release|Any CPU
		{DC59AC68-D526-4076-A0E7-33F8E2B25427}.Release|Any CPU.Build.0 = Release|Any CPU
		{6068D917-8319-4A11-9A48-CE7E3D499DA7}.Debug|Any CPU.ActiveCfg = Debug|Any CPU
		{6068D917-8319-4A11-9A48-CE7E3D499DA7}.Debug|Any CPU.Build.0 = Debug|Any CPU
		{6068D917-8319-4A11-9A48-CE7E3D499DA7}.Release|Any CPU.ActiveCfg = Release|Any CPU
		{6068D917-8319-4A11-9A48-CE7E3D499DA7}.Release|Any CPU.Build.0 = Release|Any CPU
	EndGlobalSection
	GlobalSection(SolutionProperties) = preSolution
		HideSolutionNode = FALSE
	EndGlobalSection
	GlobalSection(ExtensibilityGlobals) = postSolution
		SolutionGuid = {136700E8-F862-4E37-9FAD-126B3F5E30B6}
	EndGlobalSection
EndGlobal
